// !$*UTF8*$!
{
	archiveVersion = 1;
	classes = {
	};
	objectVersion = 46;
	objects = {

/* Begin PBXBuildFile section */
		B3E7B58A1CC2AC0600A0062D /* RNDirectPayCardPayment.m in Sources */ = {isa = PBXBuildFile; fileRef = B3E7B5891CC2AC0600A0062D /* RNDirectPayCardPayment.m */; };
		D712DCA0244AD80C00F9734B /* IOSNativeToast.m in Sources */ = {isa = PBXBuildFile; fileRef = D712DC9F244AD80C00F9734B /* IOSNativeToast.m */; };
		D78D2298244D946A006CBE8C /* RNDirectPayCardPayment.swift in Sources */ = {isa = PBXBuildFile; fileRef = D78D2297244D946A006CBE8C /* RNDirectPayCardPayment.swift */; };
		D78D22A8244DAE7A006CBE8C /* DPSDK.swift in Sources */ = {isa = PBXBuildFile; fileRef = D78D22A7244DAE7A006CBE8C /* DPSDK.swift */; };
		D78D22AA244DAEF8006CBE8C /* HttpController.swift in Sources */ = {isa = PBXBuildFile; fileRef = D78D22A9244DAEF8006CBE8C /* HttpController.swift */; };
		D78D22AC244DAF05006CBE8C /* Constants.swift in Sources */ = {isa = PBXBuildFile; fileRef = D78D22AB244DAF05006CBE8C /* Constants.swift */; };
		D78D22AE244DAF1B006CBE8C /* ThirdPartyUser.swift in Sources */ = {isa = PBXBuildFile; fileRef = D78D22AD244DAF1B006CBE8C /* ThirdPartyUser.swift */; };
		D78D22B0244DAFA5006CBE8C /* HTTPMethod.swift in Sources */ = {isa = PBXBuildFile; fileRef = D78D22AF244DAFA5006CBE8C /* HTTPMethod.swift */; };
		D78D22B2244DB087006CBE8C /* DPDigest.swift in Sources */ = {isa = PBXBuildFile; fileRef = D78D22B1244DB087006CBE8C /* DPDigest.swift */; };
		D78D22B4244DB096006CBE8C /* SHA256.swift in Sources */ = {isa = PBXBuildFile; fileRef = D78D22B3244DB096006CBE8C /* SHA256.swift */; };
		D78D22C1244DB0D4006CBE8C /* GatewayError.swift in Sources */ = {isa = PBXBuildFile; fileRef = D78D22B8244DB0D3006CBE8C /* GatewayError.swift */; };
		D78D22C2244DB0D4006CBE8C /* Gateway.swift in Sources */ = {isa = PBXBuildFile; fileRef = D78D22B9244DB0D3006CBE8C /* Gateway.swift */; };
		D78D22C3244DB0D4006CBE8C /* Gateway3DSecureViewController.swift in Sources */ = {isa = PBXBuildFile; fileRef = D78D22BA244DB0D3006CBE8C /* Gateway3DSecureViewController.swift */; };
		D78D22C4244DB0D4006CBE8C /* Gateway+URLSessionDelegate.swift in Sources */ = {isa = PBXBuildFile; fileRef = D78D22BB244DB0D3006CBE8C /* Gateway+URLSessionDelegate.swift */; };
		D78D22C5244DB0D4006CBE8C /* GatewayRegion.swift in Sources */ = {isa = PBXBuildFile; fileRef = D78D22BC244DB0D3006CBE8C /* GatewayRegion.swift */; };
		D78D22C6244DB0D4006CBE8C /* GatewayMap.swift in Sources */ = {isa = PBXBuildFile; fileRef = D78D22BD244DB0D4006CBE8C /* GatewayMap.swift */; };
		D78D22C7244DB0D4006CBE8C /* GatewayResult.swift in Sources */ = {isa = PBXBuildFile; fileRef = D78D22BE244DB0D4006CBE8C /* GatewayResult.swift */; };
		D78D22CB244DB1CD006CBE8C /* BuildConfig.swift in Sources */ = {isa = PBXBuildFile; fileRef = D78D22CA244DB1CD006CBE8C /* BuildConfig.swift */; };
		D78D22CD244DB1E0006CBE8C /* Coding.swift in Sources */ = {isa = PBXBuildFile; fileRef = D78D22CC244DB1E0006CBE8C /* Coding.swift */; };
		D78D22CF244DB206006CBE8C /* Card.swift in Sources */ = {isa = PBXBuildFile; fileRef = D78D22CE244DB206006CBE8C /* Card.swift */; };
		D78D22D1244DB20C006CBE8C /* WarningLevel.swift in Sources */ = {isa = PBXBuildFile; fileRef = D78D22D0244DB20C006CBE8C /* WarningLevel.swift */; };
		D78D22D3244DB7E1006CBE8C /* DPAddCardView.swift in Sources */ = {isa = PBXBuildFile; fileRef = D78D22D2244DB7E1006CBE8C /* DPAddCardView.swift */; };
		D7C87EF0244DEC8400136D4B /* Media.xcassets in Resources */ = {isa = PBXBuildFile; fileRef = D78D22C9244DB115006CBE8C /* Media.xcassets */; };
		D7C87EF1244DEC8400136D4B /* DPAddCardView.xib in Resources */ = {isa = PBXBuildFile; fileRef = D78D22B5244DB0B3006CBE8C /* DPAddCardView.xib */; };
/* End PBXBuildFile section */

/* Begin PBXContainerItemProxy section */
		D712DC77244AC0F300F9734B /* PBXContainerItemProxy */ = {
			isa = PBXContainerItemProxy;
			containerPortal = D712DC6C244AC0F200F9734B /* React.xcodeproj */;
			proxyType = 2;
			remoteGlobalIDString = 83CBBA2E1A601D0E00E9B192;
			remoteInfo = React;
		};
		D712DC79244AC0F300F9734B /* PBXContainerItemProxy */ = {
			isa = PBXContainerItemProxy;
			containerPortal = D712DC6C244AC0F200F9734B /* React.xcodeproj */;
			proxyType = 2;
			remoteGlobalIDString = 2D2A28131D9B038B00D4039D;
			remoteInfo = "React-tvOS";
		};
		D712DC7B244AC0F300F9734B /* PBXContainerItemProxy */ = {
			isa = PBXContainerItemProxy;
			containerPortal = D712DC6C244AC0F200F9734B /* React.xcodeproj */;
			proxyType = 2;
			remoteGlobalIDString = 3D3C059A1DE3340900C268FA;
			remoteInfo = yoga;
		};
		D712DC7D244AC0F300F9734B /* PBXContainerItemProxy */ = {
			isa = PBXContainerItemProxy;
			containerPortal = D712DC6C244AC0F200F9734B /* React.xcodeproj */;
			proxyType = 2;
			remoteGlobalIDString = 3D3C06751DE3340C00C268FA;
			remoteInfo = "yoga-tvOS";
		};
		D712DC7F244AC0F300F9734B /* PBXContainerItemProxy */ = {
			isa = PBXContainerItemProxy;
			containerPortal = D712DC6C244AC0F200F9734B /* React.xcodeproj */;
			proxyType = 2;
			remoteGlobalIDString = 3D3CD9251DE5FBEC00167DC4;
			remoteInfo = cxxreact;
		};
		D712DC81244AC0F300F9734B /* PBXContainerItemProxy */ = {
			isa = PBXContainerItemProxy;
			containerPortal = D712DC6C244AC0F200F9734B /* React.xcodeproj */;
			proxyType = 2;
			remoteGlobalIDString = 3D3CD9321DE5FBEE00167DC4;
			remoteInfo = "cxxreact-tvOS";
		};
		D712DC83244AC0F300F9734B /* PBXContainerItemProxy */ = {
			isa = PBXContainerItemProxy;
			containerPortal = D712DC6C244AC0F200F9734B /* React.xcodeproj */;
			proxyType = 2;
			remoteGlobalIDString = 3D3CD90B1DE5FBD600167DC4;
			remoteInfo = jschelpers;
		};
		D712DC85244AC0F300F9734B /* PBXContainerItemProxy */ = {
			isa = PBXContainerItemProxy;
			containerPortal = D712DC6C244AC0F200F9734B /* React.xcodeproj */;
			proxyType = 2;
			remoteGlobalIDString = 3D3CD9181DE5FBD800167DC4;
			remoteInfo = "jschelpers-tvOS";
		};
/* End PBXContainerItemProxy section */

/* Begin PBXCopyFilesBuildPhase section */
		58B511D91A9E6C8500147676 /* CopyFiles */ = {
			isa = PBXCopyFilesBuildPhase;
			buildActionMask = 2147483647;
			dstPath = "include/$(PRODUCT_NAME)";
			dstSubfolderSpec = 7;
			files = (
			);
			runOnlyForDeploymentPostprocessing = 0;
		};
/* End PBXCopyFilesBuildPhase section */

/* Begin PBXFileReference section */
		134814201AA4EA6300B7C361 /* libRNDirectPayCardPayment.a */ = {isa = PBXFileReference; explicitFileType = archive.ar; includeInIndex = 0; path = libRNDirectPayCardPayment.a; sourceTree = BUILT_PRODUCTS_DIR; };
		B3E7B5881CC2AC0600A0062D /* RNDirectPayCardPayment.h */ = {isa = PBXFileReference; fileEncoding = 4; lastKnownFileType = sourcecode.c.h; path = RNDirectPayCardPayment.h; sourceTree = "<group>"; };
		B3E7B5891CC2AC0600A0062D /* RNDirectPayCardPayment.m */ = {isa = PBXFileReference; fileEncoding = 4; lastKnownFileType = sourcecode.c.objc; path = RNDirectPayCardPayment.m; sourceTree = "<group>"; };
		D712DC6C244AC0F200F9734B /* React.xcodeproj */ = {isa = PBXFileReference; lastKnownFileType = "wrapper.pb-project"; name = React.xcodeproj; path = "../node_modules/react-native/React/React.xcodeproj"; sourceTree = "<group>"; };
		D712DC9E244AD80C00F9734B /* IOSNativeToast.h */ = {isa = PBXFileReference; fileEncoding = 4; lastKnownFileType = sourcecode.c.h; path = IOSNativeToast.h; sourceTree = "<group>"; };
		D712DC9F244AD80C00F9734B /* IOSNativeToast.m */ = {isa = PBXFileReference; fileEncoding = 4; lastKnownFileType = sourcecode.c.objc; path = IOSNativeToast.m; sourceTree = "<group>"; };
		D78D2292244D911D006CBE8C /* RNDirectPayCardPayment-Bridging-Header.h */ = {isa = PBXFileReference; lastKnownFileType = sourcecode.c.h; path = "RNDirectPayCardPayment-Bridging-Header.h"; sourceTree = "<group>"; };
		D78D2297244D946A006CBE8C /* RNDirectPayCardPayment.swift */ = {isa = PBXFileReference; lastKnownFileType = sourcecode.swift; path = RNDirectPayCardPayment.swift; sourceTree = "<group>"; };
		D78D22A7244DAE7A006CBE8C /* DPSDK.swift */ = {isa = PBXFileReference; fileEncoding = 4; lastKnownFileType = sourcecode.swift; path = DPSDK.swift; sourceTree = "<group>"; };
		D78D22A9244DAEF8006CBE8C /* HttpController.swift */ = {isa = PBXFileReference; fileEncoding = 4; lastKnownFileType = sourcecode.swift; path = HttpController.swift; sourceTree = "<group>"; };
		D78D22AB244DAF05006CBE8C /* Constants.swift */ = {isa = PBXFileReference; fileEncoding = 4; lastKnownFileType = sourcecode.swift; path = Constants.swift; sourceTree = "<group>"; };
		D78D22AD244DAF1B006CBE8C /* ThirdPartyUser.swift */ = {isa = PBXFileReference; fileEncoding = 4; lastKnownFileType = sourcecode.swift; path = ThirdPartyUser.swift; sourceTree = "<group>"; };
		D78D22AF244DAFA5006CBE8C /* HTTPMethod.swift */ = {isa = PBXFileReference; fileEncoding = 4; lastKnownFileType = sourcecode.swift; path = HTTPMethod.swift; sourceTree = "<group>"; };
		D78D22B1244DB087006CBE8C /* DPDigest.swift */ = {isa = PBXFileReference; fileEncoding = 4; lastKnownFileType = sourcecode.swift; path = DPDigest.swift; sourceTree = "<group>"; };
		D78D22B3244DB096006CBE8C /* SHA256.swift */ = {isa = PBXFileReference; fileEncoding = 4; lastKnownFileType = sourcecode.swift; path = SHA256.swift; sourceTree = "<group>"; };
		D78D22B5244DB0B3006CBE8C /* DPAddCardView.xib */ = {isa = PBXFileReference; fileEncoding = 4; lastKnownFileType = file.xib; path = DPAddCardView.xib; sourceTree = "<group>"; };
		D78D22B8244DB0D3006CBE8C /* GatewayError.swift */ = {isa = PBXFileReference; fileEncoding = 4; lastKnownFileType = sourcecode.swift; path = GatewayError.swift; sourceTree = "<group>"; };
		D78D22B9244DB0D3006CBE8C /* Gateway.swift */ = {isa = PBXFileReference; fileEncoding = 4; lastKnownFileType = sourcecode.swift; path = Gateway.swift; sourceTree = "<group>"; };
		D78D22BA244DB0D3006CBE8C /* Gateway3DSecureViewController.swift */ = {isa = PBXFileReference; fileEncoding = 4; lastKnownFileType = sourcecode.swift; path = Gateway3DSecureViewController.swift; sourceTree = "<group>"; };
		D78D22BB244DB0D3006CBE8C /* Gateway+URLSessionDelegate.swift */ = {isa = PBXFileReference; fileEncoding = 4; lastKnownFileType = sourcecode.swift; path = "Gateway+URLSessionDelegate.swift"; sourceTree = "<group>"; };
		D78D22BC244DB0D3006CBE8C /* GatewayRegion.swift */ = {isa = PBXFileReference; fileEncoding = 4; lastKnownFileType = sourcecode.swift; path = GatewayRegion.swift; sourceTree = "<group>"; };
		D78D22BD244DB0D4006CBE8C /* GatewayMap.swift */ = {isa = PBXFileReference; fileEncoding = 4; lastKnownFileType = sourcecode.swift; path = GatewayMap.swift; sourceTree = "<group>"; };
		D78D22BE244DB0D4006CBE8C /* GatewayResult.swift */ = {isa = PBXFileReference; fileEncoding = 4; lastKnownFileType = sourcecode.swift; path = GatewayResult.swift; sourceTree = "<group>"; };
		D78D22C9244DB115006CBE8C /* Media.xcassets */ = {isa = PBXFileReference; lastKnownFileType = folder.assetcatalog; path = Media.xcassets; sourceTree = "<group>"; };
		D78D22CA244DB1CD006CBE8C /* BuildConfig.swift */ = {isa = PBXFileReference; fileEncoding = 4; lastKnownFileType = sourcecode.swift; path = BuildConfig.swift; sourceTree = "<group>"; };
		D78D22CC244DB1E0006CBE8C /* Coding.swift */ = {isa = PBXFileReference; fileEncoding = 4; lastKnownFileType = sourcecode.swift; path = Coding.swift; sourceTree = "<group>"; };
		D78D22CE244DB206006CBE8C /* Card.swift */ = {isa = PBXFileReference; fileEncoding = 4; lastKnownFileType = sourcecode.swift; path = Card.swift; sourceTree = "<group>"; };
		D78D22D0244DB20C006CBE8C /* WarningLevel.swift */ = {isa = PBXFileReference; fileEncoding = 4; lastKnownFileType = sourcecode.swift; path = WarningLevel.swift; sourceTree = "<group>"; };
		D78D22D2244DB7E1006CBE8C /* DPAddCardView.swift */ = {isa = PBXFileReference; fileEncoding = 4; lastKnownFileType = sourcecode.swift; path = DPAddCardView.swift; sourceTree = "<group>"; };
/* End PBXFileReference section */

/* Begin PBXFrameworksBuildPhase section */
		58B511D81A9E6C8500147676 /* Frameworks */ = {
			isa = PBXFrameworksBuildPhase;
			buildActionMask = 2147483647;
			files = (
			);
			runOnlyForDeploymentPostprocessing = 0;
		};
/* End PBXFrameworksBuildPhase section */

/* Begin PBXGroup section */
		134814211AA4EA7D00B7C361 /* Products */ = {
			isa = PBXGroup;
			children = (
				134814201AA4EA6300B7C361 /* libRNDirectPayCardPayment.a */,
			);
			name = Products;
			sourceTree = "<group>";
		};
		58B511D21A9E6C8500147676 = {
			isa = PBXGroup;
			children = (
				D78D2297244D946A006CBE8C /* RNDirectPayCardPayment.swift */,
				D78D22A7244DAE7A006CBE8C /* DPSDK.swift */,
				D78D22CA244DB1CD006CBE8C /* BuildConfig.swift */,
				D712DC9E244AD80C00F9734B /* IOSNativeToast.h */,
				D78D22CC244DB1E0006CBE8C /* Coding.swift */,
				D78D22A9244DAEF8006CBE8C /* HttpController.swift */,
				D78D22AD244DAF1B006CBE8C /* ThirdPartyUser.swift */,
				D78D22C9244DB115006CBE8C /* Media.xcassets */,
				D78D22B5244DB0B3006CBE8C /* DPAddCardView.xib */,
				D78D22D0244DB20C006CBE8C /* WarningLevel.swift */,
				D78D22CE244DB206006CBE8C /* Card.swift */,
				D78D22D2244DB7E1006CBE8C /* DPAddCardView.swift */,
				D78D22B9244DB0D3006CBE8C /* Gateway.swift */,
				D78D22BB244DB0D3006CBE8C /* Gateway+URLSessionDelegate.swift */,
				D78D22BA244DB0D3006CBE8C /* Gateway3DSecureViewController.swift */,
				D78D22B8244DB0D3006CBE8C /* GatewayError.swift */,
				D78D22BD244DB0D4006CBE8C /* GatewayMap.swift */,
				D78D22BC244DB0D3006CBE8C /* GatewayRegion.swift */,
				D78D22BE244DB0D4006CBE8C /* GatewayResult.swift */,
				D78D22AF244DAFA5006CBE8C /* HTTPMethod.swift */,
				D78D22B3244DB096006CBE8C /* SHA256.swift */,
				D78D22B1244DB087006CBE8C /* DPDigest.swift */,
				D78D22AB244DAF05006CBE8C /* Constants.swift */,
				D712DC9F244AD80C00F9734B /* IOSNativeToast.m */,
				B3E7B5881CC2AC0600A0062D /* RNDirectPayCardPayment.h */,
				B3E7B5891CC2AC0600A0062D /* RNDirectPayCardPayment.m */,
				134814211AA4EA7D00B7C361 /* Products */,
				D712DC6B244AC0F200F9734B /* Frameworks */,
				D78D2292244D911D006CBE8C /* RNDirectPayCardPayment-Bridging-Header.h */,
			);
			sourceTree = "<group>";
		};
		D712DC6B244AC0F200F9734B /* Frameworks */ = {
			isa = PBXGroup;
			children = (
				D712DC6C244AC0F200F9734B /* React.xcodeproj */,
			);
			name = Frameworks;
			sourceTree = "<group>";
		};
		D712DC6D244AC0F200F9734B /* Products */ = {
			isa = PBXGroup;
			children = (
				D712DC78244AC0F300F9734B /* libReact.a */,
				D712DC7A244AC0F300F9734B /* libReact.a */,
				D712DC7C244AC0F300F9734B /* libyoga.a */,
				D712DC7E244AC0F300F9734B /* libyoga.a */,
				D712DC80244AC0F300F9734B /* libcxxreact.a */,
				D712DC82244AC0F300F9734B /* libcxxreact.a */,
				D712DC84244AC0F300F9734B /* libjschelpers.a */,
				D712DC86244AC0F300F9734B /* libjschelpers.a */,
			);
			name = Products;
			sourceTree = "<group>";
		};
/* End PBXGroup section */

/* Begin PBXNativeTarget section */
		58B511DA1A9E6C8500147676 /* RNDirectPayCardPayment */ = {
			isa = PBXNativeTarget;
			buildConfigurationList = 58B511EF1A9E6C8500147676 /* Build configuration list for PBXNativeTarget "RNDirectPayCardPayment" */;
			buildPhases = (
				58B511D71A9E6C8500147676 /* Sources */,
				58B511D81A9E6C8500147676 /* Frameworks */,
				58B511D91A9E6C8500147676 /* CopyFiles */,
				D7C87EEF244DEC7600136D4B /* Resources */,
			);
			buildRules = (
			);
			dependencies = (
			);
			name = RNDirectPayCardPayment;
			productName = RCTDataManager;
			productReference = 134814201AA4EA6300B7C361 /* libRNDirectPayCardPayment.a */;
			productType = "com.apple.product-type.library.static";
		};
/* End PBXNativeTarget section */

/* Begin PBXProject section */
		58B511D31A9E6C8500147676 /* Project object */ = {
			isa = PBXProject;
			attributes = {
				LastUpgradeCheck = 1030;
				ORGANIZATIONNAME = Facebook;
				TargetAttributes = {
					58B511DA1A9E6C8500147676 = {
						CreatedOnToolsVersion = 6.1.1;
						LastSwiftMigration = 1030;
					};
				};
			};
			buildConfigurationList = 58B511D61A9E6C8500147676 /* Build configuration list for PBXProject "RNDirectPayCardPayment" */;
			compatibilityVersion = "Xcode 3.2";
			developmentRegion = en;
			hasScannedForEncodings = 0;
			knownRegions = (
				en,
				Base,
			);
			mainGroup = 58B511D21A9E6C8500147676;
			productRefGroup = 58B511D21A9E6C8500147676;
			projectDirPath = "";
			projectReferences = (
				{
					ProductGroup = D712DC6D244AC0F200F9734B /* Products */;
					ProjectRef = D712DC6C244AC0F200F9734B /* React.xcodeproj */;
				},
			);
			projectRoot = "";
			targets = (
				58B511DA1A9E6C8500147676 /* RNDirectPayCardPayment */,
			);
		};
/* End PBXProject section */

/* Begin PBXReferenceProxy section */
		D712DC78244AC0F300F9734B /* libReact.a */ = {
			isa = PBXReferenceProxy;
			fileType = archive.ar;
			path = libReact.a;
			remoteRef = D712DC77244AC0F300F9734B /* PBXContainerItemProxy */;
			sourceTree = BUILT_PRODUCTS_DIR;
		};
		D712DC7A244AC0F300F9734B /* libReact.a */ = {
			isa = PBXReferenceProxy;
			fileType = archive.ar;
			path = libReact.a;
			remoteRef = D712DC79244AC0F300F9734B /* PBXContainerItemProxy */;
			sourceTree = BUILT_PRODUCTS_DIR;
		};
		D712DC7C244AC0F300F9734B /* libyoga.a */ = {
			isa = PBXReferenceProxy;
			fileType = archive.ar;
			path = libyoga.a;
			remoteRef = D712DC7B244AC0F300F9734B /* PBXContainerItemProxy */;
			sourceTree = BUILT_PRODUCTS_DIR;
		};
		D712DC7E244AC0F300F9734B /* libyoga.a */ = {
			isa = PBXReferenceProxy;
			fileType = archive.ar;
			path = libyoga.a;
			remoteRef = D712DC7D244AC0F300F9734B /* PBXContainerItemProxy */;
			sourceTree = BUILT_PRODUCTS_DIR;
		};
		D712DC80244AC0F300F9734B /* libcxxreact.a */ = {
			isa = PBXReferenceProxy;
			fileType = archive.ar;
			path = libcxxreact.a;
			remoteRef = D712DC7F244AC0F300F9734B /* PBXContainerItemProxy */;
			sourceTree = BUILT_PRODUCTS_DIR;
		};
		D712DC82244AC0F300F9734B /* libcxxreact.a */ = {
			isa = PBXReferenceProxy;
			fileType = archive.ar;
			path = libcxxreact.a;
			remoteRef = D712DC81244AC0F300F9734B /* PBXContainerItemProxy */;
			sourceTree = BUILT_PRODUCTS_DIR;
		};
		D712DC84244AC0F300F9734B /* libjschelpers.a */ = {
			isa = PBXReferenceProxy;
			fileType = archive.ar;
			path = libjschelpers.a;
			remoteRef = D712DC83244AC0F300F9734B /* PBXContainerItemProxy */;
			sourceTree = BUILT_PRODUCTS_DIR;
		};
		D712DC86244AC0F300F9734B /* libjschelpers.a */ = {
			isa = PBXReferenceProxy;
			fileType = archive.ar;
			path = libjschelpers.a;
			remoteRef = D712DC85244AC0F300F9734B /* PBXContainerItemProxy */;
			sourceTree = BUILT_PRODUCTS_DIR;
		};
/* End PBXReferenceProxy section */

/* Begin PBXResourcesBuildPhase section */
		D7C87EEF244DEC7600136D4B /* Resources */ = {
			isa = PBXResourcesBuildPhase;
			buildActionMask = 2147483647;
			files = (
				D7C87EF0244DEC8400136D4B /* Media.xcassets in Resources */,
				D7C87EF1244DEC8400136D4B /* DPAddCardView.xib in Resources */,
			);
			runOnlyForDeploymentPostprocessing = 0;
		};
/* End PBXResourcesBuildPhase section */

/* Begin PBXSourcesBuildPhase section */
		58B511D71A9E6C8500147676 /* Sources */ = {
			isa = PBXSourcesBuildPhase;
			buildActionMask = 2147483647;
			files = (
				D78D22D3244DB7E1006CBE8C /* DPAddCardView.swift in Sources */,
				D78D22C3244DB0D4006CBE8C /* Gateway3DSecureViewController.swift in Sources */,
				D78D22A8244DAE7A006CBE8C /* DPSDK.swift in Sources */,
				D78D22AA244DAEF8006CBE8C /* HttpController.swift in Sources */,
				D78D22CD244DB1E0006CBE8C /* Coding.swift in Sources */,
				D78D22C5244DB0D4006CBE8C /* GatewayRegion.swift in Sources */,
				D78D22C6244DB0D4006CBE8C /* GatewayMap.swift in Sources */,
				D78D22CB244DB1CD006CBE8C /* BuildConfig.swift in Sources */,
				D78D2298244D946A006CBE8C /* RNDirectPayCardPayment.swift in Sources */,
				D78D22C2244DB0D4006CBE8C /* Gateway.swift in Sources */,
				D712DCA0244AD80C00F9734B /* IOSNativeToast.m in Sources */,
				D78D22C1244DB0D4006CBE8C /* GatewayError.swift in Sources */,
				D78D22D1244DB20C006CBE8C /* WarningLevel.swift in Sources */,
				D78D22B2244DB087006CBE8C /* DPDigest.swift in Sources */,
				D78D22C4244DB0D4006CBE8C /* Gateway+URLSessionDelegate.swift in Sources */,
				D78D22B0244DAFA5006CBE8C /* HTTPMethod.swift in Sources */,
				D78D22C7244DB0D4006CBE8C /* GatewayResult.swift in Sources */,
				D78D22CF244DB206006CBE8C /* Card.swift in Sources */,
				D78D22B4244DB096006CBE8C /* SHA256.swift in Sources */,
				D78D22AE244DAF1B006CBE8C /* ThirdPartyUser.swift in Sources */,
				B3E7B58A1CC2AC0600A0062D /* RNDirectPayCardPayment.m in Sources */,
				D78D22AC244DAF05006CBE8C /* Constants.swift in Sources */,
			);
			runOnlyForDeploymentPostprocessing = 0;
		};
/* End PBXSourcesBuildPhase section */

/* Begin XCBuildConfiguration section */
		58B511ED1A9E6C8500147676 /* Debug */ = {
			isa = XCBuildConfiguration;
			buildSettings = {
				ALWAYS_SEARCH_USER_PATHS = NO;
				CLANG_ANALYZER_LOCALIZABILITY_NONLOCALIZED = YES;
				CLANG_CXX_LANGUAGE_STANDARD = "gnu++0x";
				CLANG_CXX_LIBRARY = "libc++";
				CLANG_ENABLE_MODULES = YES;
				CLANG_ENABLE_OBJC_ARC = YES;
				CLANG_WARN_BLOCK_CAPTURE_AUTORELEASING = YES;
				CLANG_WARN_BOOL_CONVERSION = YES;
				CLANG_WARN_COMMA = YES;
				CLANG_WARN_CONSTANT_CONVERSION = YES;
				CLANG_WARN_DEPRECATED_OBJC_IMPLEMENTATIONS = YES;
				CLANG_WARN_DIRECT_OBJC_ISA_USAGE = YES_ERROR;
				CLANG_WARN_EMPTY_BODY = YES;
				CLANG_WARN_ENUM_CONVERSION = YES;
				CLANG_WARN_INFINITE_RECURSION = YES;
				CLANG_WARN_INT_CONVERSION = YES;
				CLANG_WARN_NON_LITERAL_NULL_CONVERSION = YES;
				CLANG_WARN_OBJC_IMPLICIT_RETAIN_SELF = YES;
				CLANG_WARN_OBJC_LITERAL_CONVERSION = YES;
				CLANG_WARN_OBJC_ROOT_CLASS = YES_ERROR;
				CLANG_WARN_RANGE_LOOP_ANALYSIS = YES;
				CLANG_WARN_STRICT_PROTOTYPES = YES;
				CLANG_WARN_SUSPICIOUS_MOVE = YES;
				CLANG_WARN_UNREACHABLE_CODE = YES;
				CLANG_WARN__DUPLICATE_METHOD_MATCH = YES;
				COPY_PHASE_STRIP = NO;
				ENABLE_STRICT_OBJC_MSGSEND = YES;
				ENABLE_TESTABILITY = YES;
				GCC_C_LANGUAGE_STANDARD = gnu99;
				GCC_DYNAMIC_NO_PIC = NO;
				GCC_NO_COMMON_BLOCKS = YES;
				GCC_OPTIMIZATION_LEVEL = 0;
				GCC_PREPROCESSOR_DEFINITIONS = (
					"DEBUG=1",
					"$(inherited)",
				);
				GCC_SYMBOLS_PRIVATE_EXTERN = NO;
				GCC_WARN_64_TO_32_BIT_CONVERSION = YES;
				GCC_WARN_ABOUT_RETURN_TYPE = YES_ERROR;
				GCC_WARN_UNDECLARED_SELECTOR = YES;
				GCC_WARN_UNINITIALIZED_AUTOS = YES_AGGRESSIVE;
				GCC_WARN_UNUSED_FUNCTION = YES;
				GCC_WARN_UNUSED_VARIABLE = YES;
				IPHONEOS_DEPLOYMENT_TARGET = 11.0;
				MTL_ENABLE_DEBUG_INFO = YES;
				ONLY_ACTIVE_ARCH = YES;
				SDKROOT = iphoneos;
			};
			name = Debug;
		};
		58B511EE1A9E6C8500147676 /* Release */ = {
			isa = XCBuildConfiguration;
			buildSettings = {
				ALWAYS_SEARCH_USER_PATHS = NO;
				CLANG_ANALYZER_LOCALIZABILITY_NONLOCALIZED = YES;
				CLANG_CXX_LANGUAGE_STANDARD = "gnu++0x";
				CLANG_CXX_LIBRARY = "libc++";
				CLANG_ENABLE_MODULES = YES;
				CLANG_ENABLE_OBJC_ARC = YES;
				CLANG_WARN_BLOCK_CAPTURE_AUTORELEASING = YES;
				CLANG_WARN_BOOL_CONVERSION = YES;
				CLANG_WARN_COMMA = YES;
				CLANG_WARN_CONSTANT_CONVERSION = YES;
				CLANG_WARN_DEPRECATED_OBJC_IMPLEMENTATIONS = YES;
				CLANG_WARN_DIRECT_OBJC_ISA_USAGE = YES_ERROR;
				CLANG_WARN_EMPTY_BODY = YES;
				CLANG_WARN_ENUM_CONVERSION = YES;
				CLANG_WARN_INFINITE_RECURSION = YES;
				CLANG_WARN_INT_CONVERSION = YES;
				CLANG_WARN_NON_LITERAL_NULL_CONVERSION = YES;
				CLANG_WARN_OBJC_IMPLICIT_RETAIN_SELF = YES;
				CLANG_WARN_OBJC_LITERAL_CONVERSION = YES;
				CLANG_WARN_OBJC_ROOT_CLASS = YES_ERROR;
				CLANG_WARN_RANGE_LOOP_ANALYSIS = YES;
				CLANG_WARN_STRICT_PROTOTYPES = YES;
				CLANG_WARN_SUSPICIOUS_MOVE = YES;
				CLANG_WARN_UNREACHABLE_CODE = YES;
				CLANG_WARN__DUPLICATE_METHOD_MATCH = YES;
				COPY_PHASE_STRIP = YES;
				ENABLE_NS_ASSERTIONS = NO;
				ENABLE_STRICT_OBJC_MSGSEND = YES;
				GCC_C_LANGUAGE_STANDARD = gnu99;
				GCC_NO_COMMON_BLOCKS = YES;
				GCC_WARN_64_TO_32_BIT_CONVERSION = YES;
				GCC_WARN_ABOUT_RETURN_TYPE = YES_ERROR;
				GCC_WARN_UNDECLARED_SELECTOR = YES;
				GCC_WARN_UNINITIALIZED_AUTOS = YES_AGGRESSIVE;
				GCC_WARN_UNUSED_FUNCTION = YES;
				GCC_WARN_UNUSED_VARIABLE = YES;
				IPHONEOS_DEPLOYMENT_TARGET = 11.0;
				MTL_ENABLE_DEBUG_INFO = NO;
				SDKROOT = iphoneos;
				VALIDATE_PRODUCT = YES;
			};
			name = Release;
		};
		58B511F01A9E6C8500147676 /* Debug */ = {
			isa = XCBuildConfiguration;
			buildSettings = {
				CLANG_ENABLE_MODULES = YES;
				FRAMEWORK_SEARCH_PATHS = (
					"$(inherited)",
					"$(PROJECT_DIR)",
				);
				HEADER_SEARCH_PATHS = (
					"$(inherited)",
					/Applications/Xcode.app/Contents/Developer/Toolchains/XcodeDefault.xctoolchain/usr/include,
					"$(SRCROOT)/../../../React/**",
					"$(SRCROOT)/../../react-native/React/**",
				);
				LD_RUNPATH_SEARCH_PATHS = "$(inherited) @executable_path/Frameworks @loader_path/Frameworks";
				LIBRARY_SEARCH_PATHS = "$(inherited)";
				OTHER_LDFLAGS = "-ObjC";
				PRODUCT_NAME = RNDirectPayCardPayment;
				SKIP_INSTALL = YES;
				SWIFT_OBJC_BRIDGING_HEADER = "RNDirectPayCardPayment-Bridging-Header.h";
				SWIFT_OPTIMIZATION_LEVEL = "-Onone";
				SWIFT_VERSION = 5.0;
			};
			name = Debug;
		};
		58B511F11A9E6C8500147676 /* Release */ = {
			isa = XCBuildConfiguration;
			buildSettings = {
				CLANG_ENABLE_MODULES = YES;
				FRAMEWORK_SEARCH_PATHS = (
					"$(inherited)",
					"$(PROJECT_DIR)",
				);
				HEADER_SEARCH_PATHS = (
					"$(inherited)",
					/Applications/Xcode.app/Contents/Developer/Toolchains/XcodeDefault.xctoolchain/usr/include,
					"$(SRCROOT)/../../../React/**",
					"$(SRCROOT)/../../react-native/React/**",
				);
				LD_RUNPATH_SEARCH_PATHS = "$(inherited) @executable_path/Frameworks @loader_path/Frameworks";
				LIBRARY_SEARCH_PATHS = "$(inherited)";
				OTHER_LDFLAGS = "-ObjC";
				PRODUCT_NAME = RNDirectPayCardPayment;
				SKIP_INSTALL = YES;
				SWIFT_OBJC_BRIDGING_HEADER = "RNDirectPayCardPayment-Bridging-Header.h";
				SWIFT_VERSION = 5.0;
			};
			name = Release;
		};
/* End XCBuildConfiguration section */

/* Begin XCConfigurationList section */
		58B511D61A9E6C8500147676 /* Build configuration list for PBXProject "RNDirectPayCardPayment" */ = {
			isa = XCConfigurationList;
			buildConfigurations = (
				58B511ED1A9E6C8500147676 /* Debug */,
				58B511EE1A9E6C8500147676 /* Release */,
			);
			defaultConfigurationIsVisible = 0;
			defaultConfigurationName = Release;
		};
		58B511EF1A9E6C8500147676 /* Build configuration list for PBXNativeTarget "RNDirectPayCardPayment" */ = {
			isa = XCConfigurationList;
			buildConfigurations = (
				58B511F01A9E6C8500147676 /* Debug */,
				58B511F11A9E6C8500147676 /* Release */,
			);
			defaultConfigurationIsVisible = 0;
			defaultConfigurationName = Release;
		};
/* End XCConfigurationList section */
	};
	rootObject = 58B511D31A9E6C8500147676 /* Project object */;
}
